
Microsoft Visual Studio Solution File, Format Version 12.00
# Visual Studio Version 17
VisualStudioVersion = 17.5.2.0
MinimumVisualStudioVersion = 10.0.40219.1
Project("{FAE04EC0-301F-11D3-BF4B-00C04F79EFBC}") = "WróblewskiMarcinLab1pop", "Lab1M.Wróblewski\WróblewskiMarcinLab1pop.csproj", "{9C6FDD55-33E8-D499-6289-5764C3162C9A}"
EndProject
Project("{2150E333-8FDC-42A3-9474-1A3956D46DE8}") = "Lab2M.Wróblewski", "Lab2M.Wróblewski", "{E6A04CE5-087F-3CDE-7268-0CCAC63F9747}"
EndProject
Project("{FAE04EC0-301F-11D3-BF4B-00C04F79EFBC}") = "Lab2", "Lab2M.Wróblewski\Lab2\Lab2.csproj", "{5E65CAA1-F8E8-C00E-AAA9-D3CB06ED51C4}"
EndProject
Global
	GlobalSection(SolutionConfigurationPlatforms) = preSolution
		Debug|Any CPU = Debug|Any CPU
		Release|Any CPU = Release|Any CPU
	EndGlobalSection
	GlobalSection(ProjectConfigurationPlatforms) = postSolution
		{9C6FDD55-33E8-D499-6289-5764C3162C9A}.Debug|Any CPU.ActiveCfg = Debug|Any CPU
		{9C6FDD55-33E8-D499-6289-5764C3162C9A}.Debug|Any CPU.Build.0 = Debug|Any CPU
		{9C6FDD55-33E8-D499-6289-5764C3162C9A}.Release|Any CPU.ActiveCfg = Release|Any CPU
		{9C6FDD55-33E8-D499-6289-5764C3162C9A}.Release|Any CPU.Build.0 = Release|Any CPU
		{5E65CAA1-F8E8-C00E-AAA9-D3CB06ED51C4}.Debug|Any CPU.ActiveCfg = Debug|Any CPU
		{5E65CAA1-F8E8-C00E-AAA9-D3CB06ED51C4}.Debug|Any CPU.Build.0 = Debug|Any CPU
		{5E65CAA1-F8E8-C00E-AAA9-D3CB06ED51C4}.Release|Any CPU.ActiveCfg = Release|Any CPU
		{5E65CAA1-F8E8-C00E-AAA9-D3CB06ED51C4}.Release|Any CPU.Build.0 = Release|Any CPU
	EndGlobalSection
	GlobalSection(SolutionProperties) = preSolution
		HideSolutionNode = FALSE
	EndGlobalSection
	GlobalSection(NestedProjects) = preSolution
		{5E65CAA1-F8E8-C00E-AAA9-D3CB06ED51C4} = {E6A04CE5-087F-3CDE-7268-0CCAC63F9747}
	EndGlobalSection
	GlobalSection(ExtensibilityGlobals) = postSolution
		SolutionGuid = {CE5586F9-C629-4E37-AABD-74430DF2CDEB}
	EndGlobalSection
EndGlobal
